// !$*UTF8*$!
{
	archiveVersion = 1;
	classes = {
	};
	objectVersion = 46;
	objects = {

/* Begin PBXBuildFile section */
		C96D27881D46EB1D00A50911 /* AppDelegate.swift in Sources */ = {isa = PBXBuildFile; fileRef = C96D27871D46EB1D00A50911 /* AppDelegate.swift */; };
		C96D278D1D46EB1D00A50911 /* Main.storyboard in Resources */ = {isa = PBXBuildFile; fileRef = C96D278B1D46EB1D00A50911 /* Main.storyboard */; };
		C96D278F1D46EB1D00A50911 /* Assets.xcassets in Resources */ = {isa = PBXBuildFile; fileRef = C96D278E1D46EB1D00A50911 /* Assets.xcassets */; };
		C96D27921D46EB1D00A50911 /* LaunchScreen.storyboard in Resources */ = {isa = PBXBuildFile; fileRef = C96D27901D46EB1D00A50911 /* LaunchScreen.storyboard */; };
		C96D279A1D46EB4D00A50911 /* SampleTableViewController.swift in Sources */ = {isa = PBXBuildFile; fileRef = C96D27991D46EB4D00A50911 /* SampleTableViewController.swift */; };
		C96D279E1D46EECC00A50911 /* SampleItem.swift in Sources */ = {isa = PBXBuildFile; fileRef = C96D279D1D46EECC00A50911 /* SampleItem.swift */; };
/* End PBXBuildFile section */

/* Begin PBXFileReference section */
		C96D27841D46EB1D00A50911 /* JSONTablePopulation.app */ = {isa = PBXFileReference; explicitFileType = wrapper.application; includeInIndex = 0; path = JSONTablePopulation.app; sourceTree = BUILT_PRODUCTS_DIR; };
		C96D27871D46EB1D00A50911 /* AppDelegate.swift */ = {isa = PBXFileReference; lastKnownFileType = sourcecode.swift; path = AppDelegate.swift; sourceTree = "<group>"; };
		C96D278C1D46EB1D00A50911 /* Base */ = {isa = PBXFileReference; lastKnownFileType = file.storyboard; name = Base; path = Base.lproj/Main.storyboard; sourceTree = "<group>"; };
		C96D278E1D46EB1D00A50911 /* Assets.xcassets */ = {isa = PBXFileReference; lastKnownFileType = folder.assetcatalog; path = Assets.xcassets; sourceTree = "<group>"; };
		C96D27911D46EB1D00A50911 /* Base */ = {isa = PBXFileReference; lastKnownFileType = file.storyboard; name = Base; path = Base.lproj/LaunchScreen.storyboard; sourceTree = "<group>"; };
		C96D27931D46EB1D00A50911 /* Info.plist */ = {isa = PBXFileReference; lastKnownFileType = text.plist.xml; path = Info.plist; sourceTree = "<group>"; };
		C96D27991D46EB4D00A50911 /* SampleTableViewController.swift */ = {isa = PBXFileReference; fileEncoding = 4; lastKnownFileType = sourcecode.swift; path = SampleTableViewController.swift; sourceTree = "<group>"; };
		C96D279D1D46EECC00A50911 /* SampleItem.swift */ = {isa = PBXFileReference; fileEncoding = 4; lastKnownFileType = sourcecode.swift; path = SampleItem.swift; sourceTree = "<group>"; };
/* End PBXFileReference section */

/* Begin PBXFrameworksBuildPhase section */
		C96D27811D46EB1D00A50911 /* Frameworks */ = {
			isa = PBXFrameworksBuildPhase;
			buildActionMask = 2147483647;
			files = (
			);
			runOnlyForDeploymentPostprocessing = 0;
		};
/* End PBXFrameworksBuildPhase section */

/* Begin PBXGroup section */
		C96D277B1D46EB1D00A50911 = {
			isa = PBXGroup;
			children = (
				C96D27861D46EB1D00A50911 /* JSONTablePopulation */,
				C96D27851D46EB1D00A50911 /* Products */,
			);
			sourceTree = "<group>";
		};
		C96D27851D46EB1D00A50911 /* Products */ = {
			isa = PBXGroup;
			children = (
				C96D27841D46EB1D00A50911 /* JSONTablePopulation.app */,
			);
			name = Products;
			sourceTree = "<group>";
		};
		C96D27861D46EB1D00A50911 /* JSONTablePopulation */ = {
			isa = PBXGroup;
			children = (
				C96D27871D46EB1D00A50911 /* AppDelegate.swift */,
				C96D278B1D46EB1D00A50911 /* Main.storyboard */,
				C96D278E1D46EB1D00A50911 /* Assets.xcassets */,
				C96D27901D46EB1D00A50911 /* LaunchScreen.storyboard */,
				C96D27931D46EB1D00A50911 /* Info.plist */,
				C96D27991D46EB4D00A50911 /* SampleTableViewController.swift */,
				C96D279D1D46EECC00A50911 /* SampleItem.swift */,
			);
			path = JSONTablePopulation;
			sourceTree = "<group>";
		};
/* End PBXGroup section */

/* Begin PBXNativeTarget section */
		C96D27831D46EB1D00A50911 /* JSONTablePopulation */ = {
			isa = PBXNativeTarget;
			buildConfigurationList = C96D27961D46EB1D00A50911 /* Build configuration list for PBXNativeTarget "JSONTablePopulation" */;
			buildPhases = (
				C96D27801D46EB1D00A50911 /* Sources */,
				C96D27811D46EB1D00A50911 /* Frameworks */,
				C96D27821D46EB1D00A50911 /* Resources */,
			);
			buildRules = (
			);
			dependencies = (
			);
			name = JSONTablePopulation;
			productName = JSONTablePopulation;
			productReference = C96D27841D46EB1D00A50911 /* JSONTablePopulation.app */;
			productType = "com.apple.product-type.application";
		};
/* End PBXNativeTarget section */

/* Begin PBXProject section */
		C96D277C1D46EB1D00A50911 /* Project object */ = {
			isa = PBXProject;
			attributes = {
				LastSwiftUpdateCheck = 0730;
				LastUpgradeCheck = 0730;
				ORGANIZATIONNAME = "Matt Milner";
				TargetAttributes = {
					C96D27831D46EB1D00A50911 = {
						CreatedOnToolsVersion = 7.3.1;
					};
				};
			};
			buildConfigurationList = C96D277F1D46EB1D00A50911 /* Build configuration list for PBXProject "JSONTablePopulation" */;
			compatibilityVersion = "Xcode 3.2";
			developmentRegion = English;
			hasScannedForEncodings = 0;
			knownRegions = (
				en,
				Base,
			);
			mainGroup = C96D277B1D46EB1D00A50911;
			productRefGroup = C96D27851D46EB1D00A50911 /* Products */;
			projectDirPath = "";
			projectRoot = "";
			targets = (
				C96D27831D46EB1D00A50911 /* JSONTablePopulation */,
			);
		};
/* End PBXProject section */

/* Begin PBXResourcesBuildPhase section */
		C96D27821D46EB1D00A50911 /* Resources */ = {
			isa = PBXResourcesBuildPhase;
			buildActionMask = 2147483647;
			files = (
				C96D27921D46EB1D00A50911 /* LaunchScreen.storyboard in Resources */,
				C96D278F1D46EB1D00A50911 /* Assets.xcassets in Resources */,
				C96D278D1D46EB1D00A50911 /* Main.storyboard in Resources */,
			);
			runOnlyForDeploymentPostprocessing = 0;
		};
/* End PBXResourcesBuildPhase section */

/* Begin PBXSourcesBuildPhase section */
		C96D27801D46EB1D00A50911 /* Sources */ = {
			isa = PBXSourcesBuildPhase;
			buildActionMask = 2147483647;
			files = (
				C96D279E1D46EECC00A50911 /* SampleItem.swift in Sources */,
				C96D27881D46EB1D00A50911 /* AppDelegate.swift in Sources */,
				C96D279A1D46EB4D00A50911 /* SampleTableViewController.swift in Sources */,
			);
			runOnlyForDeploymentPostprocessing = 0;
		};
/* End PBXSourcesBuildPhase section */

/* Begin PBXVariantGroup section */
		C96D278B1D46EB1D00A50911 /* Main.storyboard */ = {
			isa = PBXVariantGroup;
			children = (
				C96D278C1D46EB1D00A50911 /* Base */,
			);
			name = Main.storyboard;
			sourceTree = "<group>";
		};
		C96D27901D46EB1D00A50911 /* LaunchScreen.storyboard */ = {
			isa = PBXVariantGroup;
			children = (
				C96D27911D46EB1D00A50911 /* Base */,
			);
			name = LaunchScreen.storyboard;
			sourceTree = "<group>";
		};
/* End PBXVariantGroup section */

/* Begin XCBuildConfiguration section */
		C96D27941D46EB1D00A50911 /* Debug */ = {
			isa = XCBuildConfiguration;
			buildSettings = {
				ALWAYS_SEARCH_USER_PATHS = NO;
				CLANG_ANALYZER_NONNULL = YES;
				CLANG_CXX_LANGUAGE_STANDARD = "gnu++0x";
				CLANG_CXX_LIBRARY = "libc++";
				CLANG_ENABLE_MODULES = YES;
				CLANG_ENABLE_OBJC_ARC = YES;
				CLANG_WARN_BOOL_CONVERSION = YES;
				CLANG_WARN_CONSTANT_CONVERSION = YES;
				CLANG_WARN_DIRECT_OBJC_ISA_USAGE = YES_ERROR;
				CLANG_WARN_EMPTY_BODY = YES;
				CLANG_WARN_ENUM_CONVERSION = YES;
				CLANG_WARN_INT_CONVERSION = YES;
				CLANG_WARN_OBJC_ROOT_CLASS = YES_ERROR;
				CLANG_WARN_UNREACHABLE_CODE = YES;
				CLANG_WARN__DUPLICATE_METHOD_MATCH = YES;
				"CODE_SIGN_IDENTITY[sdk=iphoneos*]" = "iPhone Developer";
				COPY_PHASE_STRIP = NO;
				DEBUG_INFORMATION_FORMAT = dwarf;
				ENABLE_STRICT_OBJC_MSGSEND = YES;
				ENABLE_TESTABILITY = YES;
				GCC_C_LANGUAGE_STANDARD = gnu99;
				GCC_DYNAMIC_NO_PIC = NO;
				GCC_NO_COMMON_BLOCKS = YES;
				GCC_OPTIMIZATION_LEVEL = 0;
				GCC_PREPROCESSOR_DEFINITIONS = (
					"DEBUG=1",
					"$(inherited)",
				);
				GCC_WARN_64_TO_32_BIT_CONVERSION = YES;
				GCC_WARN_ABOUT_RETURN_TYPE = YES_ERROR;
				GCC_WARN_UNDECLARED_SELECTOR = YES;
				GCC_WARN_UNINITIALIZED_AUTOS = YES_AGGRESSIVE;
				GCC_WARN_UNUSED_FUNCTION = YES;
				GCC_WARN_UNUSED_VARIABLE = YES;
				IPHONEOS_DEPLOYMENT_TARGET = 9.3;
				MTL_ENABLE_DEBUG_INFO = YES;
				ONLY_ACTIVE_ARCH = YES;
				SDKROOT = iphoneos;
				SWIFT_OPTIMIZATION_LEVEL = "-Onone";
				TARGETED_DEVICE_FAMILY = "1,2";
			};
			name = Debug;
		};
		C96D27951D46EB1D00A50911 /* Release */ = {
			isa = XCBuildConfiguration;
			buildSettings = {
				ALWAYS_SEARCH_USER_PATHS = NO;
				CLANG_ANALYZER_NONNULL = YES;
				CLANG_CXX_LANGUAGE_STANDARD = "gnu++0x";
				CLANG_CXX_LIBRARY = "libc++";
				CLANG_ENABLE_MODULES = YES;
				CLANG_ENABLE_OBJC_ARC = YES;
				CLANG_WARN_BOOL_CONVERSION = YES;
				CLANG_WARN_CONSTANT_CONVERSION = YES;
				CLANG_WARN_DIRECT_OBJC_ISA_USAGE = YES_ERROR;
				CLANG_WARN_EMPTY_BODY = YES;
				CLANG_WARN_ENUM_CONVERSION = YES;
				CLANG_WARN_INT_CONVERSION = YES;
				CLANG_WARN_OBJC_ROOT_CLASS = YES_ERROR;
				CLANG_WARN_UNREACHABLE_CODE = YES;
				CLANG_WARN__DUPLICATE_METHOD_MATCH = YES;
				"CODE_SIGN_IDENTITY[sdk=iphoneos*]" = "iPhone Developer";
				COPY_PHASE_STRIP = NO;
				DEBUG_INFORMATION_FORMAT = "dwarf-with-dsym";
				ENABLE_NS_ASSERTIONS = NO;
				ENABLE_STRICT_OBJC_MSGSEND = YES;
				GCC_C_LANGUAGE_STANDARD = gnu99;
				GCC_NO_COMMON_BLOCKS = YES;
				GCC_WARN_64_TO_32_BIT_CONVERSION = YES;
				GCC_WARN_ABOUT_RETURN_TYPE = YES_ERROR;
				GCC_WARN_UNDECLARED_SELECTOR = YES;
				GCC_WARN_UNINITIALIZED_AUTOS = YES_AGGRESSIVE;
				GCC_WARN_UNUSED_FUNCTION = YES;
				GCC_WARN_UNUSED_VARIABLE = YES;
				IPHONEOS_DEPLOYMENT_TARGET = 9.3;
				MTL_ENABLE_DEBUG_INFO = NO;
				SDKROOT = iphoneos;
				TARGETED_DEVICE_FAMILY = "1,2";
				VALIDATE_PRODUCT = YES;
			};
			name = Release;
		};
		C96D27971D46EB1D00A50911 /* Debug */ = {
			isa = XCBuildConfiguration;
			buildSettings = {
				ASSETCATALOG_COMPILER_APPICON_NAME = AppIcon;
				INFOPLIST_FILE = JSONTablePopulation/Info.plist;
				LD_RUNPATH_SEARCH_PATHS = "$(inherited) @executable_path/Frameworks";
				PRODUCT_BUNDLE_IDENTIFIER = com.theironyard.houston.JSONTablePopulation;
				PRODUCT_NAME = "$(TARGET_NAME)";
			};
			name = Debug;
		};
		C96D27981D46EB1D00A50911 /* Release */ = {
			isa = XCBuildConfiguration;
			buildSettings = {
				ASSETCATALOG_COMPILER_APPICON_NAME = AppIcon;
				INFOPLIST_FILE = JSONTablePopulation/Info.plist;
				LD_RUNPATH_SEARCH_PATHS = "$(inherited) @executable_path/Frameworks";
				PRODUCT_BUNDLE_IDENTIFIER = com.theironyard.houston.JSONTablePopulation;
				PRODUCT_NAME = "$(TARGET_NAME)";
			};
			name = Release;
		};
/* End XCBuildConfiguration section */

/* Begin XCConfigurationList section */
		C96D277F1D46EB1D00A50911 /* Build configuration list for PBXProject "JSONTablePopulation" */ = {
			isa = XCConfigurationList;
			buildConfigurations = (
				C96D27941D46EB1D00A50911 /* Debug */,
				C96D27951D46EB1D00A50911 /* Release */,
			);
			defaultConfigurationIsVisible = 0;
			defaultConfigurationName = Release;
		};
		C96D27961D46EB1D00A50911 /* Build configuration list for PBXNativeTarget "JSONTablePopulation" */ = {
			isa = XCConfigurationList;
			buildConfigurations = (
				C96D27971D46EB1D00A50911 /* Debug */,
				C96D27981D46EB1D00A50911 /* Release */,
			);
			defaultConfigurationIsVisible = 0;
		};
/* End XCConfigurationList section */
	};
	rootObject = C96D277C1D46EB1D00A50911 /* Project object */;
}
